// !$*UTF8*$!
{
	archiveVersion = 1;
	classes = {
	};
	objectVersion = 56;
	objects = {

/* Begin PBXBuildFile section */
		6576AEC3298407250041922C /* AppDelegate.swift in Sources */ = {isa = PBXBuildFile; fileRef = 6576AEC2298407250041922C /* AppDelegate.swift */; };
		6576AEC5298407250041922C /* SceneDelegate.swift in Sources */ = {isa = PBXBuildFile; fileRef = 6576AEC4298407250041922C /* SceneDelegate.swift */; };
		6576AEC7298407250041922C /* ViewController.swift in Sources */ = {isa = PBXBuildFile; fileRef = 6576AEC6298407250041922C /* ViewController.swift */; };
		6576AECC298407260041922C /* Assets.xcassets in Resources */ = {isa = PBXBuildFile; fileRef = 6576AECB298407260041922C /* Assets.xcassets */; };
		6576AECF298407260041922C /* LaunchScreen.storyboard in Resources */ = {isa = PBXBuildFile; fileRef = 6576AECD298407260041922C /* LaunchScreen.storyboard */; };
		6576AEDA298407260041922C /* ImgurTests.swift in Sources */ = {isa = PBXBuildFile; fileRef = 6576AED9298407260041922C /* ImgurTests.swift */; };
		6576AEE4298407270041922C /* ImgurUITests.swift in Sources */ = {isa = PBXBuildFile; fileRef = 6576AEE3298407270041922C /* ImgurUITests.swift */; };
		6576AEE6298407270041922C /* ImgurUITestsLaunchTests.swift in Sources */ = {isa = PBXBuildFile; fileRef = 6576AEE5298407270041922C /* ImgurUITestsLaunchTests.swift */; };
		6576AEF6298424160041922C /* Coordinator.swift in Sources */ = {isa = PBXBuildFile; fileRef = 6576AEF5298424160041922C /* Coordinator.swift */; };
		6576AEF82984252D0041922C /* InitialCoordinator.swift in Sources */ = {isa = PBXBuildFile; fileRef = 6576AEF72984252D0041922C /* InitialCoordinator.swift */; };
/* End PBXBuildFile section */

/* Begin PBXContainerItemProxy section */
		6576AED6298407260041922C /* PBXContainerItemProxy */ = {
			isa = PBXContainerItemProxy;
			containerPortal = 6576AEB7298407250041922C /* Project object */;
			proxyType = 1;
			remoteGlobalIDString = 6576AEBE298407250041922C;
			remoteInfo = Imgur;
		};
		6576AEE0298407270041922C /* PBXContainerItemProxy */ = {
			isa = PBXContainerItemProxy;
			containerPortal = 6576AEB7298407250041922C /* Project object */;
			proxyType = 1;
			remoteGlobalIDString = 6576AEBE298407250041922C;
			remoteInfo = Imgur;
		};
/* End PBXContainerItemProxy section */

/* Begin PBXFileReference section */
		6576AEBF298407250041922C /* Imgur.app */ = {isa = PBXFileReference; explicitFileType = wrapper.application; includeInIndex = 0; path = Imgur.app; sourceTree = BUILT_PRODUCTS_DIR; };
		6576AEC2298407250041922C /* AppDelegate.swift */ = {isa = PBXFileReference; lastKnownFileType = sourcecode.swift; path = AppDelegate.swift; sourceTree = "<group>"; };
		6576AEC4298407250041922C /* SceneDelegate.swift */ = {isa = PBXFileReference; lastKnownFileType = sourcecode.swift; path = SceneDelegate.swift; sourceTree = "<group>"; };
		6576AEC6298407250041922C /* ViewController.swift */ = {isa = PBXFileReference; lastKnownFileType = sourcecode.swift; path = ViewController.swift; sourceTree = "<group>"; };
		6576AECB298407260041922C /* Assets.xcassets */ = {isa = PBXFileReference; lastKnownFileType = folder.assetcatalog; path = Assets.xcassets; sourceTree = "<group>"; };
		6576AECE298407260041922C /* Base */ = {isa = PBXFileReference; lastKnownFileType = file.storyboard; name = Base; path = Base.lproj/LaunchScreen.storyboard; sourceTree = "<group>"; };
		6576AED0298407260041922C /* Info.plist */ = {isa = PBXFileReference; lastKnownFileType = text.plist.xml; path = Info.plist; sourceTree = "<group>"; };
		6576AED5298407260041922C /* ImgurTests.xctest */ = {isa = PBXFileReference; explicitFileType = wrapper.cfbundle; includeInIndex = 0; path = ImgurTests.xctest; sourceTree = BUILT_PRODUCTS_DIR; };
		6576AED9298407260041922C /* ImgurTests.swift */ = {isa = PBXFileReference; lastKnownFileType = sourcecode.swift; path = ImgurTests.swift; sourceTree = "<group>"; };
		6576AEDF298407270041922C /* ImgurUITests.xctest */ = {isa = PBXFileReference; explicitFileType = wrapper.cfbundle; includeInIndex = 0; path = ImgurUITests.xctest; sourceTree = BUILT_PRODUCTS_DIR; };
		6576AEE3298407270041922C /* ImgurUITests.swift */ = {isa = PBXFileReference; lastKnownFileType = sourcecode.swift; path = ImgurUITests.swift; sourceTree = "<group>"; };
		6576AEE5298407270041922C /* ImgurUITestsLaunchTests.swift */ = {isa = PBXFileReference; lastKnownFileType = sourcecode.swift; path = ImgurUITestsLaunchTests.swift; sourceTree = "<group>"; };
		6576AEF5298424160041922C /* Coordinator.swift */ = {isa = PBXFileReference; lastKnownFileType = sourcecode.swift; path = Coordinator.swift; sourceTree = "<group>"; };
		6576AEF72984252D0041922C /* InitialCoordinator.swift */ = {isa = PBXFileReference; lastKnownFileType = sourcecode.swift; path = InitialCoordinator.swift; sourceTree = "<group>"; };
/* End PBXFileReference section */

/* Begin PBXFrameworksBuildPhase section */
		6576AEBC298407250041922C /* Frameworks */ = {
			isa = PBXFrameworksBuildPhase;
			buildActionMask = 2147483647;
			files = (
			);
			runOnlyForDeploymentPostprocessing = 0;
		};
		6576AED2298407260041922C /* Frameworks */ = {
			isa = PBXFrameworksBuildPhase;
			buildActionMask = 2147483647;
			files = (
			);
			runOnlyForDeploymentPostprocessing = 0;
		};
		6576AEDC298407270041922C /* Frameworks */ = {
			isa = PBXFrameworksBuildPhase;
			buildActionMask = 2147483647;
			files = (
			);
			runOnlyForDeploymentPostprocessing = 0;
		};
/* End PBXFrameworksBuildPhase section */

/* Begin PBXGroup section */
		6576AEB6298407250041922C = {
			isa = PBXGroup;
			children = (
				6576AEC1298407250041922C /* Imgur */,
				6576AED8298407260041922C /* ImgurTests */,
				6576AEE2298407270041922C /* ImgurUITests */,
				6576AEC0298407250041922C /* Products */,
			);
			sourceTree = "<group>";
		};
		6576AEC0298407250041922C /* Products */ = {
			isa = PBXGroup;
			children = (
				6576AEBF298407250041922C /* Imgur.app */,
				6576AED5298407260041922C /* ImgurTests.xctest */,
				6576AEDF298407270041922C /* ImgurUITests.xctest */,
			);
			name = Products;
			sourceTree = "<group>";
		};
		6576AEC1298407250041922C /* Imgur */ = {
			isa = PBXGroup;
			children = (
				6576AEF3298423CA0041922C /* Application */,
				6576AEC6298407250041922C /* ViewController.swift */,
				6576AECB298407260041922C /* Assets.xcassets */,
				6576AECD298407260041922C /* LaunchScreen.storyboard */,
				6576AED0298407260041922C /* Info.plist */,
			);
			path = Imgur;
			sourceTree = "<group>";
		};
		6576AED8298407260041922C /* ImgurTests */ = {
			isa = PBXGroup;
			children = (
				6576AED9298407260041922C /* ImgurTests.swift */,
			);
			path = ImgurTests;
			sourceTree = "<group>";
		};
		6576AEE2298407270041922C /* ImgurUITests */ = {
			isa = PBXGroup;
			children = (
				6576AEE3298407270041922C /* ImgurUITests.swift */,
				6576AEE5298407270041922C /* ImgurUITestsLaunchTests.swift */,
			);
			path = ImgurUITests;
			sourceTree = "<group>";
		};
		6576AEF3298423CA0041922C /* Application */ = {
			isa = PBXGroup;
			children = (
				6576AEF4298423E30041922C /* Coordinator */,
				6576AEC2298407250041922C /* AppDelegate.swift */,
				6576AEC4298407250041922C /* SceneDelegate.swift */,
			);
			path = Application;
			sourceTree = "<group>";
		};
		6576AEF4298423E30041922C /* Coordinator */ = {
			isa = PBXGroup;
			children = (
				6576AEF5298424160041922C /* Coordinator.swift */,
				6576AEF72984252D0041922C /* InitialCoordinator.swift */,
			);
			path = Coordinator;
			sourceTree = "<group>";
		};
/* End PBXGroup section */

/* Begin PBXNativeTarget section */
		6576AEBE298407250041922C /* Imgur */ = {
			isa = PBXNativeTarget;
			buildConfigurationList = 6576AEE9298407270041922C /* Build configuration list for PBXNativeTarget "Imgur" */;
			buildPhases = (
				6576AEBB298407250041922C /* Sources */,
				6576AEBC298407250041922C /* Frameworks */,
				6576AEBD298407250041922C /* Resources */,
				6576AEF2298416C10041922C /* Swiftlint */,
			);
			buildRules = (
			);
			dependencies = (
			);
			name = Imgur;
			productName = Imgur;
			productReference = 6576AEBF298407250041922C /* Imgur.app */;
			productType = "com.apple.product-type.application";
		};
		6576AED4298407260041922C /* ImgurTests */ = {
			isa = PBXNativeTarget;
			buildConfigurationList = 6576AEEC298407270041922C /* Build configuration list for PBXNativeTarget "ImgurTests" */;
			buildPhases = (
				6576AED1298407260041922C /* Sources */,
				6576AED2298407260041922C /* Frameworks */,
				6576AED3298407260041922C /* Resources */,
			);
			buildRules = (
			);
			dependencies = (
				6576AED7298407260041922C /* PBXTargetDependency */,
			);
			name = ImgurTests;
			productName = ImgurTests;
			productReference = 6576AED5298407260041922C /* ImgurTests.xctest */;
			productType = "com.apple.product-type.bundle.unit-test";
		};
		6576AEDE298407270041922C /* ImgurUITests */ = {
			isa = PBXNativeTarget;
			buildConfigurationList = 6576AEEF298407270041922C /* Build configuration list for PBXNativeTarget "ImgurUITests" */;
			buildPhases = (
				6576AEDB298407270041922C /* Sources */,
				6576AEDC298407270041922C /* Frameworks */,
				6576AEDD298407270041922C /* Resources */,
			);
			buildRules = (
			);
			dependencies = (
				6576AEE1298407270041922C /* PBXTargetDependency */,
			);
			name = ImgurUITests;
			productName = ImgurUITests;
			productReference = 6576AEDF298407270041922C /* ImgurUITests.xctest */;
			productType = "com.apple.product-type.bundle.ui-testing";
		};
/* End PBXNativeTarget section */

/* Begin PBXProject section */
		6576AEB7298407250041922C /* Project object */ = {
			isa = PBXProject;
			attributes = {
				BuildIndependentTargetsInParallel = 1;
				LastSwiftUpdateCheck = 1420;
				LastUpgradeCheck = 1420;
				TargetAttributes = {
					6576AEBE298407250041922C = {
						CreatedOnToolsVersion = 14.2;
					};
					6576AED4298407260041922C = {
						CreatedOnToolsVersion = 14.2;
						TestTargetID = 6576AEBE298407250041922C;
					};
					6576AEDE298407270041922C = {
						CreatedOnToolsVersion = 14.2;
						TestTargetID = 6576AEBE298407250041922C;
					};
				};
			};
			buildConfigurationList = 6576AEBA298407250041922C /* Build configuration list for PBXProject "Imgur" */;
			compatibilityVersion = "Xcode 14.0";
			developmentRegion = en;
			hasScannedForEncodings = 0;
			knownRegions = (
				en,
				Base,
			);
			mainGroup = 6576AEB6298407250041922C;
			productRefGroup = 6576AEC0298407250041922C /* Products */;
			projectDirPath = "";
			projectRoot = "";
			targets = (
				6576AEBE298407250041922C /* Imgur */,
				6576AED4298407260041922C /* ImgurTests */,
				6576AEDE298407270041922C /* ImgurUITests */,
			);
		};
/* End PBXProject section */

/* Begin PBXResourcesBuildPhase section */
		6576AEBD298407250041922C /* Resources */ = {
			isa = PBXResourcesBuildPhase;
			buildActionMask = 2147483647;
			files = (
				6576AECF298407260041922C /* LaunchScreen.storyboard in Resources */,
				6576AECC298407260041922C /* Assets.xcassets in Resources */,
			);
			runOnlyForDeploymentPostprocessing = 0;
		};
		6576AED3298407260041922C /* Resources */ = {
			isa = PBXResourcesBuildPhase;
			buildActionMask = 2147483647;
			files = (
			);
			runOnlyForDeploymentPostprocessing = 0;
		};
		6576AEDD298407270041922C /* Resources */ = {
			isa = PBXResourcesBuildPhase;
			buildActionMask = 2147483647;
			files = (
			);
			runOnlyForDeploymentPostprocessing = 0;
		};
/* End PBXResourcesBuildPhase section */

/* Begin PBXShellScriptBuildPhase section */
		6576AEF2298416C10041922C /* Swiftlint */ = {
			isa = PBXShellScriptBuildPhase;
			alwaysOutOfDate = 1;
			buildActionMask = 2147483647;
			files = (
			);
			inputFileListPaths = (
			);
			inputPaths = (
			);
			name = Swiftlint;
			outputFileListPaths = (
			);
			outputPaths = (
			);
			runOnlyForDeploymentPostprocessing = 0;
			shellPath = /bin/sh;
			shellScript = "# Type a script or drag a script file from your workspace to insert its path.\nexport PATH=\"$PATH:/opt/homebrew/bin\"\nif which swiftlint > /dev/null; then\n  swiftlint\nelse\n  echo \"warning: SwiftLint not installed, download from https://github.com/realm/SwiftLint\"\nfi\n";
		};
/* End PBXShellScriptBuildPhase section */

/* Begin PBXSourcesBuildPhase section */
		6576AEBB298407250041922C /* Sources */ = {
			isa = PBXSourcesBuildPhase;
			buildActionMask = 2147483647;
			files = (
				6576AEF6298424160041922C /* Coordinator.swift in Sources */,
				6576AEC7298407250041922C /* ViewController.swift in Sources */,
				6576AEC3298407250041922C /* AppDelegate.swift in Sources */,
				6576AEF82984252D0041922C /* InitialCoordinator.swift in Sources */,
				6576AEC5298407250041922C /* SceneDelegate.swift in Sources */,
			);
			runOnlyForDeploymentPostprocessing = 0;
		};
		6576AED1298407260041922C /* Sources */ = {
			isa = PBXSourcesBuildPhase;
			buildActionMask = 2147483647;
			files = (
				6576AEDA298407260041922C /* ImgurTests.swift in Sources */,
			);
			runOnlyForDeploymentPostprocessing = 0;
		};
		6576AEDB298407270041922C /* Sources */ = {
			isa = PBXSourcesBuildPhase;
			buildActionMask = 2147483647;
			files = (
				6576AEE4298407270041922C /* ImgurUITests.swift in Sources */,
				6576AEE6298407270041922C /* ImgurUITestsLaunchTests.swift in Sources */,
			);
			runOnlyForDeploymentPostprocessing = 0;
		};
/* End PBXSourcesBuildPhase section */

/* Begin PBXTargetDependency section */
		6576AED7298407260041922C /* PBXTargetDependency */ = {
			isa = PBXTargetDependency;
			target = 6576AEBE298407250041922C /* Imgur */;
			targetProxy = 6576AED6298407260041922C /* PBXContainerItemProxy */;
		};
		6576AEE1298407270041922C /* PBXTargetDependency */ = {
			isa = PBXTargetDependency;
			target = 6576AEBE298407250041922C /* Imgur */;
			targetProxy = 6576AEE0298407270041922C /* PBXContainerItemProxy */;
		};
/* End PBXTargetDependency section */

/* Begin PBXVariantGroup section */
		6576AECD298407260041922C /* LaunchScreen.storyboard */ = {
			isa = PBXVariantGroup;
			children = (
				6576AECE298407260041922C /* Base */,
			);
			name = LaunchScreen.storyboard;
			sourceTree = "<group>";
		};
/* End PBXVariantGroup section */

/* Begin XCBuildConfiguration section */
		6576AEE7298407270041922C /* Debug */ = {
			isa = XCBuildConfiguration;
			buildSettings = {
				ALWAYS_SEARCH_USER_PATHS = NO;
				CLANG_ANALYZER_NONNULL = YES;
				CLANG_ANALYZER_NUMBER_OBJECT_CONVERSION = YES_AGGRESSIVE;
				CLANG_CXX_LANGUAGE_STANDARD = "gnu++20";
				CLANG_ENABLE_MODULES = YES;
				CLANG_ENABLE_OBJC_ARC = YES;
				CLANG_ENABLE_OBJC_WEAK = YES;
				CLANG_WARN_BLOCK_CAPTURE_AUTORELEASING = YES;
				CLANG_WARN_BOOL_CONVERSION = YES;
				CLANG_WARN_COMMA = YES;
				CLANG_WARN_CONSTANT_CONVERSION = YES;
				CLANG_WARN_DEPRECATED_OBJC_IMPLEMENTATIONS = YES;
				CLANG_WARN_DIRECT_OBJC_ISA_USAGE = YES_ERROR;
				CLANG_WARN_DOCUMENTATION_COMMENTS = YES;
				CLANG_WARN_EMPTY_BODY = YES;
				CLANG_WARN_ENUM_CONVERSION = YES;
				CLANG_WARN_INFINITE_RECURSION = YES;
				CLANG_WARN_INT_CONVERSION = YES;
				CLANG_WARN_NON_LITERAL_NULL_CONVERSION = YES;
				CLANG_WARN_OBJC_IMPLICIT_RETAIN_SELF = YES;
				CLANG_WARN_OBJC_LITERAL_CONVERSION = YES;
				CLANG_WARN_OBJC_ROOT_CLASS = YES_ERROR;
				CLANG_WARN_QUOTED_INCLUDE_IN_FRAMEWORK_HEADER = YES;
				CLANG_WARN_RANGE_LOOP_ANALYSIS = YES;
				CLANG_WARN_STRICT_PROTOTYPES = YES;
				CLANG_WARN_SUSPICIOUS_MOVE = YES;
				CLANG_WARN_UNGUARDED_AVAILABILITY = YES_AGGRESSIVE;
				CLANG_WARN_UNREACHABLE_CODE = YES;
				CLANG_WARN__DUPLICATE_METHOD_MATCH = YES;
				COPY_PHASE_STRIP = NO;
				DEBUG_INFORMATION_FORMAT = dwarf;
				ENABLE_STRICT_OBJC_MSGSEND = YES;
				ENABLE_TESTABILITY = YES;
				GCC_C_LANGUAGE_STANDARD = gnu11;
				GCC_DYNAMIC_NO_PIC = NO;
				GCC_NO_COMMON_BLOCKS = YES;
				GCC_OPTIMIZATION_LEVEL = 0;
				GCC_PREPROCESSOR_DEFINITIONS = (
					"DEBUG=1",
					"$(inherited)",
				);
				GCC_WARN_64_TO_32_BIT_CONVERSION = YES;
				GCC_WARN_ABOUT_RETURN_TYPE = YES_ERROR;
				GCC_WARN_UNDECLARED_SELECTOR = YES;
				GCC_WARN_UNINITIALIZED_AUTOS = YES_AGGRESSIVE;
				GCC_WARN_UNUSED_FUNCTION = YES;
				GCC_WARN_UNUSED_VARIABLE = YES;
				IPHONEOS_DEPLOYMENT_TARGET = 15.0;
				MTL_ENABLE_DEBUG_INFO = INCLUDE_SOURCE;
				MTL_FAST_MATH = YES;
				ONLY_ACTIVE_ARCH = YES;
				SDKROOT = iphoneos;
				SWIFT_ACTIVE_COMPILATION_CONDITIONS = DEBUG;
				SWIFT_OPTIMIZATION_LEVEL = "-Onone";
			};
			name = Debug;
		};
		6576AEE8298407270041922C /* Release */ = {
			isa = XCBuildConfiguration;
			buildSettings = {
				ALWAYS_SEARCH_USER_PATHS = NO;
				CLANG_ANALYZER_NONNULL = YES;
				CLANG_ANALYZER_NUMBER_OBJECT_CONVERSION = YES_AGGRESSIVE;
				CLANG_CXX_LANGUAGE_STANDARD = "gnu++20";
				CLANG_ENABLE_MODULES = YES;
				CLANG_ENABLE_OBJC_ARC = YES;
				CLANG_ENABLE_OBJC_WEAK = YES;
				CLANG_WARN_BLOCK_CAPTURE_AUTORELEASING = YES;
				CLANG_WARN_BOOL_CONVERSION = YES;
				CLANG_WARN_COMMA = YES;
				CLANG_WARN_CONSTANT_CONVERSION = YES;
				CLANG_WARN_DEPRECATED_OBJC_IMPLEMENTATIONS = YES;
				CLANG_WARN_DIRECT_OBJC_ISA_USAGE = YES_ERROR;
				CLANG_WARN_DOCUMENTATION_COMMENTS = YES;
				CLANG_WARN_EMPTY_BODY = YES;
				CLANG_WARN_ENUM_CONVERSION = YES;
				CLANG_WARN_INFINITE_RECURSION = YES;
				CLANG_WARN_INT_CONVERSION = YES;
				CLANG_WARN_NON_LITERAL_NULL_CONVERSION = YES;
				CLANG_WARN_OBJC_IMPLICIT_RETAIN_SELF = YES;
				CLANG_WARN_OBJC_LITERAL_CONVERSION = YES;
				CLANG_WARN_OBJC_ROOT_CLASS = YES_ERROR;
				CLANG_WARN_QUOTED_INCLUDE_IN_FRAMEWORK_HEADER = YES;
				CLANG_WARN_RANGE_LOOP_ANALYSIS = YES;
				CLANG_WARN_STRICT_PROTOTYPES = YES;
				CLANG_WARN_SUSPICIOUS_MOVE = YES;
				CLANG_WARN_UNGUARDED_AVAILABILITY = YES_AGGRESSIVE;
				CLANG_WARN_UNREACHABLE_CODE = YES;
				CLANG_WARN__DUPLICATE_METHOD_MATCH = YES;
				COPY_PHASE_STRIP = NO;
				DEBUG_INFORMATION_FORMAT = "dwarf-with-dsym";
				ENABLE_NS_ASSERTIONS = NO;
				ENABLE_STRICT_OBJC_MSGSEND = YES;
				GCC_C_LANGUAGE_STANDARD = gnu11;
				GCC_NO_COMMON_BLOCKS = YES;
				GCC_WARN_64_TO_32_BIT_CONVERSION = YES;
				GCC_WARN_ABOUT_RETURN_TYPE = YES_ERROR;
				GCC_WARN_UNDECLARED_SELECTOR = YES;
				GCC_WARN_UNINITIALIZED_AUTOS = YES_AGGRESSIVE;
				GCC_WARN_UNUSED_FUNCTION = YES;
				GCC_WARN_UNUSED_VARIABLE = YES;
				IPHONEOS_DEPLOYMENT_TARGET = 15.0;
				MTL_ENABLE_DEBUG_INFO = NO;
				MTL_FAST_MATH = YES;
				SDKROOT = iphoneos;
				SWIFT_COMPILATION_MODE = wholemodule;
				SWIFT_OPTIMIZATION_LEVEL = "-O";
				VALIDATE_PRODUCT = YES;
			};
			name = Release;
		};
		6576AEEA298407270041922C /* Debug */ = {
			isa = XCBuildConfiguration;
			buildSettings = {
				ASSETCATALOG_COMPILER_APPICON_NAME = AppIcon;
				ASSETCATALOG_COMPILER_GLOBAL_ACCENT_COLOR_NAME = AccentColor;
				CODE_SIGN_STYLE = Automatic;
				CURRENT_PROJECT_VERSION = 1;
				GENERATE_INFOPLIST_FILE = YES;
				INFOPLIST_FILE = Imgur/Info.plist;
				INFOPLIST_KEY_UIApplicationSupportsIndirectInputEvents = YES;
				INFOPLIST_KEY_UILaunchStoryboardName = LaunchScreen;
				INFOPLIST_KEY_UISupportedInterfaceOrientations_iPad = "UIInterfaceOrientationPortrait UIInterfaceOrientationPortraitUpsideDown UIInterfaceOrientationLandscapeLeft UIInterfaceOrientationLandscapeRight";
				INFOPLIST_KEY_UISupportedInterfaceOrientations_iPhone = "UIInterfaceOrientationPortrait UIInterfaceOrientationLandscapeLeft UIInterfaceOrientationLandscapeRight";
				LD_RUNPATH_SEARCH_PATHS = (
					"$(inherited)",
					"@executable_path/Frameworks",
				);
				MARKETING_VERSION = 1.0;
				PRODUCT_BUNDLE_IDENTIFIER = danielgrisof.Imgur;
				PRODUCT_NAME = "$(TARGET_NAME)";
				SWIFT_EMIT_LOC_STRINGS = YES;
				SWIFT_VERSION = 5.0;
				TARGETED_DEVICE_FAMILY = "1,2";
			};
			name = Debug;
		};
		6576AEEB298407270041922C /* Release */ = {
			isa = XCBuildConfiguration;
			buildSettings = {
				ASSETCATALOG_COMPILER_APPICON_NAME = AppIcon;
				ASSETCATALOG_COMPILER_GLOBAL_ACCENT_COLOR_NAME = AccentColor;
				CODE_SIGN_STYLE = Automatic;
				CURRENT_PROJECT_VERSION = 1;
				GENERATE_INFOPLIST_FILE = YES;
				INFOPLIST_FILE = Imgur/Info.plist;
				INFOPLIST_KEY_UIApplicationSupportsIndirectInputEvents = YES;
				INFOPLIST_KEY_UILaunchStoryboardName = LaunchScreen;
				INFOPLIST_KEY_UISupportedInterfaceOrientations_iPad = "UIInterfaceOrientationPortrait UIInterfaceOrientationPortraitUpsideDown UIInterfaceOrientationLandscapeLeft UIInterfaceOrientationLandscapeRight";
				INFOPLIST_KEY_UISupportedInterfaceOrientations_iPhone = "UIInterfaceOrientationPortrait UIInterfaceOrientationLandscapeLeft UIInterfaceOrientationLandscapeRight";
				LD_RUNPATH_SEARCH_PATHS = (
					"$(inherited)",
					"@executable_path/Frameworks",
				);
				MARKETING_VERSION = 1.0;
				PRODUCT_BUNDLE_IDENTIFIER = danielgrisof.Imgur;
				PRODUCT_NAME = "$(TARGET_NAME)";
				SWIFT_EMIT_LOC_STRINGS = YES;
				SWIFT_VERSION = 5.0;
				TARGETED_DEVICE_FAMILY = "1,2";
			};
			name = Release;
		};
		6576AEED298407270041922C /* Debug */ = {
			isa = XCBuildConfiguration;
			buildSettings = {
				ALWAYS_EMBED_SWIFT_STANDARD_LIBRARIES = YES;
				BUNDLE_LOADER = "$(TEST_HOST)";
				CODE_SIGN_STYLE = Automatic;
				CURRENT_PROJECT_VERSION = 1;
				GENERATE_INFOPLIST_FILE = YES;
				IPHONEOS_DEPLOYMENT_TARGET = 15.0;
				MARKETING_VERSION = 1.0;
				PRODUCT_BUNDLE_IDENTIFIER = danielgrisof.ImgurTests;
				PRODUCT_NAME = "$(TARGET_NAME)";
				SWIFT_EMIT_LOC_STRINGS = NO;
				SWIFT_VERSION = 5.0;
				TARGETED_DEVICE_FAMILY = "1,2";
				TEST_HOST = "$(BUILT_PRODUCTS_DIR)/Imgur.app/$(BUNDLE_EXECUTABLE_FOLDER_PATH)/Imgur";
			};
			name = Debug;
		};
		6576AEEE298407270041922C /* Release */ = {
			isa = XCBuildConfiguration;
			buildSettings = {
				ALWAYS_EMBED_SWIFT_STANDARD_LIBRARIES = YES;
				BUNDLE_LOADER = "$(TEST_HOST)";
				CODE_SIGN_STYLE = Automatic;
				CURRENT_PROJECT_VERSION = 1;
				GENERATE_INFOPLIST_FILE = YES;
				IPHONEOS_DEPLOYMENT_TARGET = 15.0;
				MARKETING_VERSION = 1.0;
				PRODUCT_BUNDLE_IDENTIFIER = danielgrisof.ImgurTests;
				PRODUCT_NAME = "$(TARGET_NAME)";
				SWIFT_EMIT_LOC_STRINGS = NO;
				SWIFT_VERSION = 5.0;
				TARGETED_DEVICE_FAMILY = "1,2";
				TEST_HOST = "$(BUILT_PRODUCTS_DIR)/Imgur.app/$(BUNDLE_EXECUTABLE_FOLDER_PATH)/Imgur";
			};
			name = Release;
		};
		6576AEF0298407270041922C /* Debug */ = {
			isa = XCBuildConfiguration;
			buildSettings = {
				ALWAYS_EMBED_SWIFT_STANDARD_LIBRARIES = YES;
				CODE_SIGN_STYLE = Automatic;
				CURRENT_PROJECT_VERSION = 1;
				GENERATE_INFOPLIST_FILE = YES;
				MARKETING_VERSION = 1.0;
				PRODUCT_BUNDLE_IDENTIFIER = danielgrisof.ImgurUITests;
				PRODUCT_NAME = "$(TARGET_NAME)";
				SWIFT_EMIT_LOC_STRINGS = NO;
				SWIFT_VERSION = 5.0;
				TARGETED_DEVICE_FAMILY = "1,2";
				TEST_TARGET_NAME = Imgur;
			};
			name = Debug;
		};
		6576AEF1298407270041922C /* Release */ = {
			isa = XCBuildConfiguration;
			buildSettings = {
				ALWAYS_EMBED_SWIFT_STANDARD_LIBRARIES = YES;
				CODE_SIGN_STYLE = Automatic;
				CURRENT_PROJECT_VERSION = 1;
				GENERATE_INFOPLIST_FILE = YES;
				MARKETING_VERSION = 1.0;
				PRODUCT_BUNDLE_IDENTIFIER = danielgrisof.ImgurUITests;
				PRODUCT_NAME = "$(TARGET_NAME)";
				SWIFT_EMIT_LOC_STRINGS = NO;
				SWIFT_VERSION = 5.0;
				TARGETED_DEVICE_FAMILY = "1,2";
				TEST_TARGET_NAME = Imgur;
			};
			name = Release;
		};
/* End XCBuildConfiguration section */

/* Begin XCConfigurationList section */
		6576AEBA298407250041922C /* Build configuration list for PBXProject "Imgur" */ = {
			isa = XCConfigurationList;
			buildConfigurations = (
				6576AEE7298407270041922C /* Debug */,
				6576AEE8298407270041922C /* Release */,
			);
			defaultConfigurationIsVisible = 0;
			defaultConfigurationName = Release;
		};
		6576AEE9298407270041922C /* Build configuration list for PBXNativeTarget "Imgur" */ = {
			isa = XCConfigurationList;
			buildConfigurations = (
				6576AEEA298407270041922C /* Debug */,
				6576AEEB298407270041922C /* Release */,
			);
			defaultConfigurationIsVisible = 0;
			defaultConfigurationName = Release;
		};
		6576AEEC298407270041922C /* Build configuration list for PBXNativeTarget "ImgurTests" */ = {
			isa = XCConfigurationList;
			buildConfigurations = (
				6576AEED298407270041922C /* Debug */,
				6576AEEE298407270041922C /* Release */,
			);
			defaultConfigurationIsVisible = 0;
			defaultConfigurationName = Release;
		};
		6576AEEF298407270041922C /* Build configuration list for PBXNativeTarget "ImgurUITests" */ = {
			isa = XCConfigurationList;
			buildConfigurations = (
				6576AEF0298407270041922C /* Debug */,
				6576AEF1298407270041922C /* Release */,
			);
			defaultConfigurationIsVisible = 0;
			defaultConfigurationName = Release;
		};
/* End XCConfigurationList section */
	};
	rootObject = 6576AEB7298407250041922C /* Project object */;
}
